
Microsoft Visual Studio Solution File, Format Version 12.00
# Visual Studio Version 17
VisualStudioVersion = 17.0.32112.339
MinimumVisualStudioVersion = 10.0.40219.1
Project("{FAE04EC0-301F-11D3-BF4B-00C04F79EFBC}") = "GoalTracker", "GoalTracker\GoalTracker.csproj", "{B02B3ECE-20E7-4E7B-8F2D-9CE9C2023CBB}"
EndProject
Global
	GlobalSection(SolutionConfigurationPlatforms) = preSolution
		Debug|Any CPU = Debug|Any CPU
		Release|Any CPU = Release|Any CPU
	EndGlobalSection
	GlobalSection(ProjectConfigurationPlatforms) = postSolution
		{B02B3ECE-20E7-4E7B-8F2D-9CE9C2023CBB}.Debug|Any CPU.ActiveCfg = Debug|Any CPU
		{B02B3ECE-20E7-4E7B-8F2D-9CE9C2023CBB}.Debug|Any CPU.Build.0 = Debug|Any CPU
		{B02B3ECE-20E7-4E7B-8F2D-9CE9C2023CBB}.Release|Any CPU.ActiveCfg = Release|Any CPU
		{B02B3ECE-20E7-4E7B-8F2D-9CE9C2023CBB}.Release|Any CPU.Build.0 = Release|Any CPU
	EndGlobalSection
	GlobalSection(SolutionProperties) = preSolution
		HideSolutionNode = FALSE
	EndGlobalSection
	GlobalSection(ExtensibilityGlobals) = postSolution
		SolutionGuid = {5805463A-47C1-496B-A300-986AA0ED8298}
	EndGlobalSection
EndGlobal
